{
  "name": "mdc_web_example",
  "version": "1.0.0",
  "lockfileVersion": 1,
  "requires": true,
  "dependencies": {
    "@material/animation": {
      "version": "0.40.1",
      "resolved": "https://registry.npmjs.org/@material/animation/-/animation-0.40.1.tgz",
      "integrity": "sha512-HtxFUw04EHg4S6pXfTA3Z0wKxnNDNcDhe1Np2Y2geo+lAk2Hb7m8yCL/GaL9o2I/eRYsgUXC0U7+Mk74GCz3zw==",
      "dev": true
    },
    "@material/auto-init": {
      "version": "0.39.0",
      "resolved": "https://registry.npmjs.org/@material/auto-init/-/auto-init-0.39.0.tgz",
      "integrity": "sha512-rh/YbGupzHiY9b3V/KFBzoEKcBCY8KDXQZNnNFZwP3fwDaaU6pSbVwg5jKfR6QfrQZF7AetdCYJj0p5UKDcvnA==",
      "dev": true
    },
    "@material/base": {
      "version": "0.40.1",
      "resolved": "https://registry.npmjs.org/@material/base/-/base-0.40.1.tgz",
      "integrity": "sha512-vrbOK8hONVCYgURQ9h7nkXvMdYnZVVNmAfFFijF8fbWQdwnoPcNTdqV6RoQlhBEqHYHQqLNfdUDlznAPKLclGQ==",
      "dev": true
    },
    "@material/button": {
      "version": "0.40.1",
      "resolved": "https://registry.npmjs.org/@material/button/-/button-0.40.1.tgz",
      "integrity": "sha512-xLNjq9zySnpZAP4UynyeXnnlLXf3iIA/6ilecwgF4d2ooUmNXcRdlRa8wGYT36JHsCfsP3AeZOjoTZUcmaiejw==",
      "dev": true,
      "requires": {
        "@material/elevation": "0.40.1",
        "@material/ripple": "0.40.1",
        "@material/rtl": "0.40.1",
        "@material/shape": "0.40.1",
        "@material/theme": "0.40.1",
        "@material/typography": "0.40.1"
      }
    },
    "@material/card": {
      "version": "0.40.1",
      "resolved": "https://registry.npmjs.org/@material/card/-/card-0.40.1.tgz",
      "integrity": "sha512-yxywT+YSjnmO4kBfkhiU4agno6qXbPcz7rfNDdl3F7F0rSNVgk13SwqkdmwLZ4+1lGwWjg8NGihm0Tr8nranLg==",
      "dev": true,
      "requires": {
        "@material/elevation": "0.40.1",
        "@material/ripple": "0.40.1",
        "@material/rtl": "0.40.1",
        "@material/shape": "0.40.1",
        "@material/theme": "0.40.1"
      }
    },
    "@material/checkbox": {
      "version": "0.40.1",
      "resolved": "https://registry.npmjs.org/@material/checkbox/-/checkbox-0.40.1.tgz",
      "integrity": "sha512-MFa4L+7nccs8kGZLPCgZLAtdyYn1qsKZArRN3qW2wXfsiXBV5BU+UF0kiHULks1nWAVR8C+pGPdm0sfrJb7ipA==",
      "dev": true,
      "requires": {
        "@material/animation": "0.40.1",
        "@material/base": "0.40.1",
        "@material/ripple": "0.40.1",
        "@material/rtl": "0.40.1",
        "@material/selection-control": "0.40.1",
        "@material/theme": "0.40.1"
      }
    },
    "@material/chips": {
      "version": "0.40.1",
      "resolved": "https://registry.npmjs.org/@material/chips/-/chips-0.40.1.tgz",
      "integrity": "sha512-o+IheDZ7czby4ab6kmoPsC7YHZ6eKr+yzwdhttRaoz+haIeODkQeDpVbzzPCva5QAG59Jbu/IuQnCN23BNQPGg==",
      "dev": true,
      "requires": {
        "@material/animation": "0.40.1",
        "@material/base": "0.40.1",
        "@material/checkbox": "0.40.1",
        "@material/elevation": "0.40.1",
        "@material/ripple": "0.40.1",
        "@material/shape": "0.40.1",
        "@material/theme": "0.40.1",
        "@material/typography": "0.40.1"
      }
    },
    "@material/dialog": {
      "version": "0.40.1",
      "resolved": "https://registry.npmjs.org/@material/dialog/-/dialog-0.40.1.tgz",
      "integrity": "sha512-yx8YI5MZQcsxoR6JTeWfNvWxD5RVa1BZShI29Fw3yUcIu7j7SgzJ2MS8aiLa1/zlv3OgWcqlI+QF8D9fcza+MQ==",
      "dev": true,
      "requires": {
        "@material/animation": "0.40.1",
        "@material/base": "0.40.1",
        "@material/dom": "0.40.0",
        "@material/elevation": "0.40.1",
        "@material/ripple": "0.40.1",
        "@material/rtl": "0.40.1",
        "@material/shape": "0.40.1",
        "@material/theme": "0.40.1",
        "@material/typography": "0.40.1",
        "focus-trap": "2.4.6"
      }
    },
    "@material/dom": {
      "version": "0.40.0",
      "resolved": "https://registry.npmjs.org/@material/dom/-/dom-0.40.0.tgz",
      "integrity": "sha512-dNekw081gH1Wh62h8VsOdP87iKkrbM2rFR28bTfolIv6ThRBUGlDe5w8grkrrXLnjoqO/fnQMP1Wdo8C7lcfvQ==",
      "dev": true
    },
    "@material/drawer": {
      "version": "0.40.1",
      "resolved": "https://registry.npmjs.org/@material/drawer/-/drawer-0.40.1.tgz",
      "integrity": "sha512-kBZNIqtAH4XAfR35GF5C7XavaHEXlWI9Ed2R3AUunTkOPocDRVZPaidb4pbagVHs4t2+8Zu3PwyjVEr2dgutNA==",
      "dev": true,
      "requires": {
        "@material/animation": "0.40.1",
        "@material/base": "0.40.1",
        "@material/elevation": "0.40.1",
        "@material/list": "0.40.1",
        "@material/ripple": "0.40.1",
        "@material/rtl": "0.40.1",
        "@material/shape": "0.40.1",
        "@material/theme": "0.40.1",
        "@material/typography": "0.40.1",
        "focus-trap": "3.0.0"
      },
      "dependencies": {
        "focus-trap": {
          "version": "3.0.0",
          "resolved": "https://registry.npmjs.org/focus-trap/-/focus-trap-3.0.0.tgz",
          "integrity": "sha512-jTFblf0tLWbleGjj2JZsAKbgtZTdL1uC48L8FcmSDl4c2vDoU4NycN1kgV5vJhuq1mxNFkw7uWZ1JAGlINWvyw==",
          "dev": true,
          "requires": {
            "tabbable": "3.1.1",
            "xtend": "4.0.1"
          }
        },
        "tabbable": {
          "version": "3.1.1",
          "resolved": "https://registry.npmjs.org/tabbable/-/tabbable-3.1.1.tgz",
          "integrity": "sha512-583MHIOwictf7+zbxqO/L5fBqMN6Li4SJ1XTKQA9WzHRA7c2BB+D+Ny7Y6kGqU2u+rHK59+oRzrBvMU53aZz+A==",
          "dev": true
        }
      }
    },
    "@material/elevation": {
      "version": "0.40.1",
      "resolved": "https://registry.npmjs.org/@material/elevation/-/elevation-0.40.1.tgz",
      "integrity": "sha512-VD9ii90WzI+t4df08A9hQIsYLH/N+85a2Mqo10CNVZLZYW5fDOwFH/h7553aNoAuSHKPcGCLdyav9J9oC6TSaQ==",
      "dev": true,
      "requires": {
        "@material/animation": "0.40.1",
        "@material/theme": "0.40.1"
      }
    },
    "@material/fab": {
      "version": "0.40.1",
      "resolved": "https://registry.npmjs.org/@material/fab/-/fab-0.40.1.tgz",
      "integrity": "sha512-mpRyC74OXQIzTiUtH6QU9Y1REpi3/rMmyOnoTyUnnsIQaoetM/khw0I3o6p/DtZXhn1ZhJ8myqnanlD0jfmVmw==",
      "dev": true,
      "requires": {
        "@material/animation": "0.40.1",
        "@material/elevation": "0.40.1",
        "@material/ripple": "0.40.1",
        "@material/rtl": "0.40.1",
        "@material/shape": "0.40.1",
        "@material/theme": "0.40.1",
        "@material/typography": "0.40.1"
      }
    },
    "@material/floating-label": {
      "version": "0.40.1",
      "resolved": "https://registry.npmjs.org/@material/floating-label/-/floating-label-0.40.1.tgz",
      "integrity": "sha512-b8/Wj4qfqOSJRSoQ1X7EC2lQc2hF0IGPXIbGpanZYe0c3wnhRXdSYd4kUnDw6rHgKn2IfnOEZkzOetODkftWDw==",
      "dev": true,
      "requires": {
        "@material/animation": "0.40.1",
        "@material/base": "0.40.1",
        "@material/rtl": "0.40.1",
        "@material/theme": "0.40.1",
        "@material/typography": "0.40.1"
      }
    },
    "@material/form-field": {
      "version": "0.40.1",
      "resolved": "https://registry.npmjs.org/@material/form-field/-/form-field-0.40.1.tgz",
      "integrity": "sha512-1IL/+X9i6C8KBuH13QAnLKBzHlU/DGFvBNfvu2ASVFccxsa4mAs18dFO3n0gvukg2vyOf55lxPXJVkEl34LTVA==",
      "dev": true,
      "requires": {
        "@material/base": "0.40.1",
        "@material/rtl": "0.40.1",
        "@material/selection-control": "0.40.1",
        "@material/theme": "0.40.1",
        "@material/typography": "0.40.1"
      }
    },
    "@material/grid-list": {
      "version": "0.40.1",
      "resolved": "https://registry.npmjs.org/@material/grid-list/-/grid-list-0.40.1.tgz",
      "integrity": "sha512-sZmP7vU/RMacQFZPx3XKbPFj0VA4oVepYjLllOuMFocF5C0GsN1xQa7uW6SM0SJh1MvXWvxY7mlbq9o8jF6lCw==",
      "dev": true,
      "requires": {
        "@material/base": "0.40.1",
        "@material/rtl": "0.40.1",
        "@material/theme": "0.40.1",
        "@material/typography": "0.40.1"
      }
    },
    "@material/icon-button": {
      "version": "0.40.1",
      "resolved": "https://registry.npmjs.org/@material/icon-button/-/icon-button-0.40.1.tgz",
      "integrity": "sha512-SCi9Czx2kCH3ApdVdQPWN5cU4EQNjZjBniksm1ML2RgHQDx/aEiNl6kmhtn7oEca+TFc5B7eXlIty9eyuHr/fw==",
      "dev": true,
      "requires": {
        "@material/base": "0.40.1",
        "@material/ripple": "0.40.1",
        "@material/theme": "0.40.1"
      }
    },
    "@material/icon-toggle": {
      "version": "0.40.1",
      "resolved": "https://registry.npmjs.org/@material/icon-toggle/-/icon-toggle-0.40.1.tgz",
      "integrity": "sha512-ii9q4g706U7FyK0+0JV+aqQqRlamWMqVl6d34BEowfaiQsVe0WExmLwKyUVPRilpPN/MWC4RoZqaOS55/W06mg==",
      "dev": true,
      "requires": {
        "@material/animation": "0.40.1",
        "@material/base": "0.40.1",
        "@material/ripple": "0.40.1",
        "@material/theme": "0.40.1"
      }
    },
    "@material/image-list": {
      "version": "0.40.1",
      "resolved": "https://registry.npmjs.org/@material/image-list/-/image-list-0.40.1.tgz",
      "integrity": "sha512-DMu2i+ga2g6EulG4MU9J/KZ2TdqJkBcWW8grMp4Pe2OYAsTTtnjz+tQ/MIESvwEpIcMXtqakmuY3id2ZxcnmlA==",
      "dev": true,
      "requires": {
        "@material/shape": "0.40.1",
        "@material/theme": "0.40.1",
        "@material/typography": "0.40.1"
      }
    },
    "@material/layout-grid": {
      "version": "0.40.1",
      "resolved": "https://registry.npmjs.org/@material/layout-grid/-/layout-grid-0.40.1.tgz",
      "integrity": "sha512-Fd/bhxGWuS1VlaXWzVBBg3ssyqjCbxhGJrZfNeepY1dth/6PCTOm4DPuo7nFDELp3JiI9Aob5JtxmdbQ+ahNZw==",
      "dev": true
    },
    "@material/line-ripple": {
      "version": "0.40.1",
      "resolved": "https://registry.npmjs.org/@material/line-ripple/-/line-ripple-0.40.1.tgz",
      "integrity": "sha512-S4Iq9qtxAF0ViwGfl+Dkb/dDd9EdJx/MpzA0/Lq51XvxWoJJvLfEEvX9j+V41ZhPd9FzqocTtUCCAw7Cov5mEw==",
      "dev": true,
      "requires": {
        "@material/animation": "0.40.1",
        "@material/base": "0.40.1",
        "@material/theme": "0.40.1"
      }
    },
    "@material/linear-progress": {
      "version": "0.40.1",
      "resolved": "https://registry.npmjs.org/@material/linear-progress/-/linear-progress-0.40.1.tgz",
      "integrity": "sha512-cR+ul+cUIVG3IlW2F4but0mXXK0pNI7H64osqwyyoUdGszUB9kCsLI0tG5WOvR0tBIyxJ9m2TDOMAlGNRo6nNg==",
      "dev": true,
      "requires": {
        "@material/animation": "0.40.1",
        "@material/base": "0.40.1",
        "@material/theme": "0.40.1"
      }
    },
    "@material/list": {
      "version": "0.40.1",
      "resolved": "https://registry.npmjs.org/@material/list/-/list-0.40.1.tgz",
      "integrity": "sha512-2t3KgJPZZfCJp+F+n4CJVbpKXVK9SxrMRrd0S2WcdPgCMQ+yMXFhhOda5wXCZDFPGH2hulE4gQ2mXzN0aOdSgw==",
      "dev": true,
      "requires": {
        "@material/base": "0.40.1",
        "@material/dom": "0.40.0",
        "@material/ripple": "0.40.1",
        "@material/rtl": "0.40.1",
        "@material/shape": "0.40.1",
        "@material/theme": "0.40.1",
        "@material/typography": "0.40.1"
      }
    },
    "@material/menu": {
      "version": "0.40.1",
      "resolved": "https://registry.npmjs.org/@material/menu/-/menu-0.40.1.tgz",
      "integrity": "sha512-uf/frX6rBuH1UJA8fDBTYyk7XOab9gKqsPiU67LQcEz0HgTOoUOFOAgzUAzo/ZSXOjVEXs7n+eAnwn7HqcLXhQ==",
      "dev": true,
      "requires": {
        "@material/base": "0.40.1",
        "@material/list": "0.40.1",
        "@material/menu-surface": "0.40.1",
        "@material/ripple": "0.40.1",
        "@material/rtl": "0.40.1"
      }
    },
    "@material/menu-surface": {
      "version": "0.40.1",
      "resolved": "https://registry.npmjs.org/@material/menu-surface/-/menu-surface-0.40.1.tgz",
      "integrity": "sha512-ottbuyEUEC8t9SWXYsM+um3NVUoZlNkPZ4HUq0iiWw3RZ7ycMm4TRmgXs7CvhxjwPXs7LMzmT5f3lufqPipzjA==",
      "dev": true,
      "requires": {
        "@material/animation": "0.40.1",
        "@material/base": "0.40.1",
        "@material/elevation": "0.40.1",
        "@material/rtl": "0.40.1",
        "@material/shape": "0.40.1",
        "@material/theme": "0.40.1"
      }
    },
    "@material/notched-outline": {
      "version": "0.40.1",
      "resolved": "https://registry.npmjs.org/@material/notched-outline/-/notched-outline-0.40.1.tgz",
      "integrity": "sha512-b3V6/G7TW1P21Frw3JxB6Hc6k7MbrmPSynGuVUPLmuX+eSUm6GhxOy0rK4UzlBZumDnyyJDw+2HvJd1BYoOgeg==",
      "dev": true,
      "requires": {
        "@material/animation": "0.40.1",
        "@material/base": "0.40.1",
        "@material/rtl": "0.40.1",
        "@material/shape": "0.40.1",
        "@material/theme": "0.40.1"
      }
    },
    "@material/radio": {
      "version": "0.40.1",
      "resolved": "https://registry.npmjs.org/@material/radio/-/radio-0.40.1.tgz",
      "integrity": "sha512-Xu3JTdqmvPy1U+m0Cc2UFq7v/Z+tG6bsf975j6P1vkWcrQ1AGYN0trceiPpyDUjyoMX00Qj9ZAiCCmjBKKlhWQ==",
      "dev": true,
      "requires": {
        "@material/animation": "0.40.1",
        "@material/base": "0.40.1",
        "@material/ripple": "0.40.1",
        "@material/selection-control": "0.40.1",
        "@material/theme": "0.40.1"
      }
    },
    "@material/ripple": {
      "version": "0.40.1",
      "resolved": "https://registry.npmjs.org/@material/ripple/-/ripple-0.40.1.tgz",
      "integrity": "sha512-sndeTS4VHa0v1UGj7MNcxMCuO9LJ1DjoL1EjE6BH3Lm3M1MnXJHdsBo2CgPbU/FI84tt6+eyHGOYPdPrEDJhCA==",
      "dev": true,
      "requires": {
        "@material/animation": "0.40.1",
        "@material/base": "0.40.1",
        "@material/theme": "0.40.1"
      }
    },
    "@material/rtl": {
      "version": "0.40.1",
      "resolved": "https://registry.npmjs.org/@material/rtl/-/rtl-0.40.1.tgz",
      "integrity": "sha512-Pk6Iw1/KrhWZoZtkDsPMDUW0bm7Z1zeXb3MTQRCFmjf1wU5cRxgOTtuoZLcJqlcKGppLAzJL/TJV3E7KEiuL0A==",
      "dev": true
    },
    "@material/select": {
      "version": "0.40.1",
      "resolved": "https://registry.npmjs.org/@material/select/-/select-0.40.1.tgz",
      "integrity": "sha512-aOMoOEzJRyQbTYiXRifqaLEvX0Oj5w/WWa9+UStemeIURVSnOlaVPlnNY+dcvr6vvFeGfBX6q/G1O+CGk0FIbA==",
      "dev": true,
      "requires": {
        "@material/animation": "0.40.1",
        "@material/base": "0.40.1",
        "@material/floating-label": "0.40.1",
        "@material/line-ripple": "0.40.1",
        "@material/notched-outline": "0.40.1",
        "@material/ripple": "0.40.1",
        "@material/rtl": "0.40.1",
        "@material/shape": "0.40.1",
        "@material/theme": "0.40.1",
        "@material/typography": "0.40.1"
      }
    },
    "@material/selection-control": {
      "version": "0.40.1",
      "resolved": "https://registry.npmjs.org/@material/selection-control/-/selection-control-0.40.1.tgz",
      "integrity": "sha512-BbCmSsRz4mTlBaaA5pmrSEL+F6BKR8hjwvo+XQBh8ICT3FbSGg7mhYwjpsQhNQ8J6l7bnh79VYxKGPY6XjSx6g==",
      "dev": true,
      "requires": {
        "@material/ripple": "0.40.1"
      }
    },
    "@material/shape": {
      "version": "0.40.1",
      "resolved": "https://registry.npmjs.org/@material/shape/-/shape-0.40.1.tgz",
      "integrity": "sha512-o1pw5+s/jWqsKbUAkCCaEcB8XLqJ4FlZhYfSvxZ88WRw9zoWOt9iQMMP82wLWhUX1DSzpNRI8BAD7aNLK6yRlA==",
      "dev": true
    },
    "@material/slider": {
      "version": "0.40.1",
      "resolved": "https://registry.npmjs.org/@material/slider/-/slider-0.40.1.tgz",
      "integrity": "sha512-fkqGqw3MoN1rcBAIbcqC+f4fOA/xBUDtrqaflaLTK/S6/XJctFK0wwrehyhkD0o+/ayu6SZQenOibUs0bGy6dQ==",
      "dev": true,
      "requires": {
        "@material/animation": "0.40.1",
        "@material/base": "0.40.1",
        "@material/rtl": "0.40.1",
        "@material/theme": "0.40.1",
        "@material/typography": "0.40.1"
      }
    },
    "@material/snackbar": {
      "version": "0.40.1",
      "resolved": "https://registry.npmjs.org/@material/snackbar/-/snackbar-0.40.1.tgz",
      "integrity": "sha512-fNK5Vijt7zJ5+qoRwsOUjBzc66saKIrfoBANY8BBrZsGzfHyzyQmkItlF5O0nQFhGFEAoA8oVhKbLDIpJ+Hb7g==",
      "dev": true,
      "requires": {
        "@material/animation": "0.40.1",
        "@material/base": "0.40.1",
        "@material/rtl": "0.40.1",
        "@material/theme": "0.40.1",
        "@material/typography": "0.40.1"
      }
    },
    "@material/switch": {
      "version": "0.40.1",
      "resolved": "https://registry.npmjs.org/@material/switch/-/switch-0.40.1.tgz",
      "integrity": "sha512-jWskicPUQht7ETlkprF+1fK8I0jKrKN3mnKo6hngbkm+JyZpjfAsN31nhx6sxuuCxWQrQNCEvUz6EolnCPp3zQ==",
      "dev": true,
      "requires": {
        "@material/animation": "0.40.1",
        "@material/base": "0.40.1",
        "@material/elevation": "0.40.1",
        "@material/ripple": "0.40.1",
        "@material/rtl": "0.40.1",
        "@material/selection-control": "0.40.1",
        "@material/theme": "0.40.1"
      }
    },
    "@material/tab": {
      "version": "0.40.1",
      "resolved": "https://registry.npmjs.org/@material/tab/-/tab-0.40.1.tgz",
      "integrity": "sha512-xb56bjH9yMJwiONJXAWxucKYZehEnk/3rzHjwHZFO3lyMO3fJH7KPn4Ti7+7vwVFByppcC57+AtxxpJ65vJ9pQ==",
      "dev": true,
      "requires": {
        "@material/base": "0.40.1",
        "@material/ripple": "0.40.1",
        "@material/rtl": "0.40.1",
        "@material/tab-indicator": "0.40.1",
        "@material/theme": "0.40.1",
        "@material/typography": "0.40.1"
      }
    },
    "@material/tab-bar": {
      "version": "0.40.1",
      "resolved": "https://registry.npmjs.org/@material/tab-bar/-/tab-bar-0.40.1.tgz",
      "integrity": "sha512-8VDVnPlyskGf8gh6js1ePPo4RCpSFm6s0GOG2KJr7LNqB3pCm/27ACdpy5qqYm9oPbAYZhu0uEohSDY4wW5Rzg==",
      "dev": true,
      "requires": {
        "@material/base": "0.40.1",
        "@material/elevation": "0.40.1",
        "@material/tab": "0.40.1",
        "@material/tab-scroller": "0.40.1"
      }
    },
    "@material/tab-indicator": {
      "version": "0.40.1",
      "resolved": "https://registry.npmjs.org/@material/tab-indicator/-/tab-indicator-0.40.1.tgz",
      "integrity": "sha512-FmM27MmsInn0cvo5XBaoY5oRzJ783BaulgzRiSVMw5oNorwjNgW+h/9wEBMYnZNrpGAZXMiqj1l8l5qdviXiAA==",
      "dev": true,
      "requires": {
        "@material/animation": "0.40.1",
        "@material/base": "0.40.1",
        "@material/theme": "0.40.1"
      }
    },
    "@material/tab-scroller": {
      "version": "0.40.1",
      "resolved": "https://registry.npmjs.org/@material/tab-scroller/-/tab-scroller-0.40.1.tgz",
      "integrity": "sha512-nDkBcZTQOwQpqBkTTffF+74Yw12zwA4ieJM5X+eDOVBhO3GqBDYIkRcX99QAy7WbO1jhr5B7t880OaHiFv2H4A==",
      "dev": true,
      "requires": {
        "@material/animation": "0.40.1",
        "@material/base": "0.40.1",
        "@material/tab": "0.40.1"
      }
    },
    "@material/textfield": {
      "version": "0.40.1",
      "resolved": "https://registry.npmjs.org/@material/textfield/-/textfield-0.40.1.tgz",
      "integrity": "sha512-fxQoXUZEwX3tL/61s2qP2REpSCnK+8m2AabDh4OVYMd5DDUQlihZhQgv73mqrsYveLWeTi/KebL6GcjP5BAKiw==",
      "dev": true,
      "requires": {
        "@material/animation": "0.40.1",
        "@material/base": "0.40.1",
        "@material/floating-label": "0.40.1",
        "@material/line-ripple": "0.40.1",
        "@material/notched-outline": "0.40.1",
        "@material/ripple": "0.40.1",
        "@material/rtl": "0.40.1",
        "@material/shape": "0.40.1",
        "@material/theme": "0.40.1",
        "@material/typography": "0.40.1"
      }
    },
    "@material/theme": {
      "version": "0.40.1",
      "resolved": "https://registry.npmjs.org/@material/theme/-/theme-0.40.1.tgz",
      "integrity": "sha512-cH1CsGIDisEQ2oroZhLTypV0Ir00x3WIwFXnPo7qv3832tuIDkZY623U3rUax6KNPz4Hh1j0tNpTwgrNZwvwWA==",
      "dev": true
    },
    "@material/toolbar": {
      "version": "0.40.1",
      "resolved": "https://registry.npmjs.org/@material/toolbar/-/toolbar-0.40.1.tgz",
      "integrity": "sha512-yXu8BZr4bO9JM7E6YErmYAA0tRbyrPRQPn23oMjDdwc1SXnmol0iRa4Jy7Ak0mMx9b+3PJy4Gy8P05ntx0Whzw==",
      "dev": true,
      "requires": {
        "@material/base": "0.40.1",
        "@material/elevation": "0.40.1",
        "@material/ripple": "0.40.1",
        "@material/rtl": "0.40.1",
        "@material/theme": "0.40.1",
        "@material/typography": "0.40.1"
      }
    },
    "@material/top-app-bar": {
      "version": "0.40.1",
      "resolved": "https://registry.npmjs.org/@material/top-app-bar/-/top-app-bar-0.40.1.tgz",
      "integrity": "sha512-77/Z9Y94HuLZBkmiLgtpMukpuw921X+IAVaWgvLq0XuDSKq06eLfiUBBUmQf358gLQ6go3M+Zfv1sTVDHqvFAA==",
      "dev": true,
      "requires": {
        "@material/animation": "0.40.1",
        "@material/base": "0.40.1",
        "@material/elevation": "0.40.1",
        "@material/ripple": "0.40.1",
        "@material/rtl": "0.40.1",
        "@material/shape": "0.40.1",
        "@material/theme": "0.40.1",
        "@material/typography": "0.40.1"
      }
    },
    "@material/typography": {
      "version": "0.40.1",
      "resolved": "https://registry.npmjs.org/@material/typography/-/typography-0.40.1.tgz",
      "integrity": "sha512-LkW2tAsId8zGKxGA5VIFXV/D1h4vCHQIuALRMaDpHbNGffgr2ubtJNvCh2EQkm19MTv4igVLEjn1Svh0dXcTpA==",
      "dev": true
    },
    "focus-trap": {
      "version": "2.4.6",
      "resolved": "https://registry.npmjs.org/focus-trap/-/focus-trap-2.4.6.tgz",
      "integrity": "sha512-vWZTPtBU6pBoyWZDRZJHkXsyP2ZCZBHE3DRVXnSVdQKH/mcDtu9S5Kz8CUDyIqpfZfLEyI9rjKJLnc4Y40BRBg==",
      "dev": true,
      "requires": {
        "tabbable": "1.1.3"
      }
    },
    "material-components-web": {
      "version": "0.40.1",
      "resolved": "https://registry.npmjs.org/material-components-web/-/material-components-web-0.40.1.tgz",
      "integrity": "sha512-1BchRFx9basdxzPXKc0JfxtohpNHcaKOARhBWrANYWBJ3CRn0VeoYf3+JmoXaFE5B+MeIAXccqKYoOOFbPb0iQ==",
      "dev": true,
      "requires": {
        "@material/animation": "0.40.1",
        "@material/auto-init": "0.39.0",
        "@material/base": "0.40.1",
        "@material/button": "0.40.1",
        "@material/card": "0.40.1",
        "@material/checkbox": "0.40.1",
        "@material/chips": "0.40.1",
        "@material/dialog": "0.40.1",
        "@material/dom": "0.40.0",
        "@material/drawer": "0.40.1",
        "@material/elevation": "0.40.1",
        "@material/fab": "0.40.1",
        "@material/floating-label": "0.40.1",
        "@material/form-field": "0.40.1",
        "@material/grid-list": "0.40.1",
        "@material/icon-button": "0.40.1",
        "@material/icon-toggle": "0.40.1",
        "@material/image-list": "0.40.1",
        "@material/layout-grid": "0.40.1",
        "@material/line-ripple": "0.40.1",
        "@material/linear-progress": "0.40.1",
        "@material/list": "0.40.1",
        "@material/menu": "0.40.1",
        "@material/menu-surface": "0.40.1",
        "@material/notched-outline": "0.40.1",
        "@material/radio": "0.40.1",
        "@material/ripple": "0.40.1",
        "@material/rtl": "0.40.1",
        "@material/select": "0.40.1",
        "@material/selection-control": "0.40.1",
        "@material/shape": "0.40.1",
        "@material/slider": "0.40.1",
        "@material/snackbar": "0.40.1",
        "@material/switch": "0.40.1",
        "@material/tab": "0.40.1",
        "@material/tab-bar": "0.40.1",
        "@material/tab-indicator": "0.40.1",
        "@material/tab-scroller": "0.40.1",
        "@material/textfield": "0.40.1",
        "@material/theme": "0.40.1",
        "@material/toolbar": "0.40.1",
        "@material/top-app-bar": "0.40.1",
        "@material/typography": "0.40.1"
      }
    },
    "tabbable": {
      "version": "1.1.3",
      "resolved": "https://registry.npmjs.org/tabbable/-/tabbable-1.1.3.tgz",
      "integrity": "sha512-nOWwx35/JuDI4ONuF0ZTo6lYvI0fY0tZCH1ErzY2EXfu4az50ZyiUX8X073FLiZtmWUVlkRnuXsehjJgCw9tYg==",
      "dev": true
    },
    "xtend": {
      "version": "4.0.1",
      "resolved": "https://registry.npmjs.org/xtend/-/xtend-4.0.1.tgz",
      "integrity": "sha1-pcbVMr5lbiPbgg77lDofBJmNY68=",
      "dev": true
    }
  }
}
