{
  "name": "mdc_web_example",
  "version": "1.0.0",
  "lockfileVersion": 1,
  "requires": true,
  "dependencies": {
    "@material/animation": {
      "version": "0.39.0",
      "resolved": "https://registry.npmjs.org/@material/animation/-/animation-0.39.0.tgz",
      "integrity": "sha512-f3BGCba0GdYY+eGFnK0L08HLyljgEyBvMLoJoutP225IpvzsLLTqumL/796nFCsouWn6E3G+8BUVjAtzTjU2lA==",
      "dev": true
    },
    "@material/auto-init": {
      "version": "0.39.0",
      "resolved": "https://registry.npmjs.org/@material/auto-init/-/auto-init-0.39.0.tgz",
      "integrity": "sha512-rh/YbGupzHiY9b3V/KFBzoEKcBCY8KDXQZNnNFZwP3fwDaaU6pSbVwg5jKfR6QfrQZF7AetdCYJj0p5UKDcvnA==",
      "dev": true
    },
    "@material/base": {
      "version": "0.39.0",
      "resolved": "https://registry.npmjs.org/@material/base/-/base-0.39.0.tgz",
      "integrity": "sha512-B+vMqnOR2JU2dzv/5UPKQUAZAj739pMkJkt3Zy7sJaQnw3j8wTKxiUMUhd9ZHaPx1FBlUNMn2PwOq8YZIn0svA==",
      "dev": true
    },
    "@material/button": {
      "version": "0.40.0",
      "resolved": "https://registry.npmjs.org/@material/button/-/button-0.40.0.tgz",
      "integrity": "sha512-1HWT+Exqfcplda6xPmD9hvWmmr7Y8MdCkIhFkY14g1UuIf3rcGQGfS49HCT6OkLbcQ9tM7qgCSXHxCGK6MkY9w==",
      "dev": true,
      "requires": {
        "@material/elevation": "0.40.0",
        "@material/ripple": "0.40.0",
        "@material/rtl": "0.39.1",
        "@material/shape": "0.40.0",
        "@material/theme": "0.40.0",
        "@material/typography": "0.39.0"
      }
    },
    "@material/card": {
      "version": "0.40.0",
      "resolved": "https://registry.npmjs.org/@material/card/-/card-0.40.0.tgz",
      "integrity": "sha512-Af/67uDx4oxHz+Oas0ZB69B7dxwcHYGW3mgyExcjfcE7Ku+dQCcyFwt8ooVWAxlF27vBIhEmbHxqc44dMdJLIw==",
      "dev": true,
      "requires": {
        "@material/elevation": "0.40.0",
        "@material/ripple": "0.40.0",
        "@material/rtl": "0.39.1",
        "@material/shape": "0.40.0",
        "@material/theme": "0.40.0"
      }
    },
    "@material/checkbox": {
      "version": "0.40.0",
      "resolved": "https://registry.npmjs.org/@material/checkbox/-/checkbox-0.40.0.tgz",
      "integrity": "sha512-cmL1OkPcb9w+L+ydBho40kmbKm2CkrQIKZqaJjeSIFUP8hIIj1PleoTqpy6qV8DIvUqPylt0uAEZ6XOvAQQHjQ==",
      "dev": true,
      "requires": {
        "@material/animation": "0.39.0",
        "@material/base": "0.39.0",
        "@material/ripple": "0.40.0",
        "@material/rtl": "0.39.1",
        "@material/selection-control": "0.40.0",
        "@material/theme": "0.40.0"
      }
    },
    "@material/chips": {
      "version": "0.40.0",
      "resolved": "https://registry.npmjs.org/@material/chips/-/chips-0.40.0.tgz",
      "integrity": "sha512-G5/8XAcq47ZNhRT6ac61klg6tHNEyQkg1Ug3I9U6lpF/HRtq7OBOirzz2b99D9EqODBKHWGSkXwf5xUhO/xRRQ==",
      "dev": true,
      "requires": {
        "@material/animation": "0.39.0",
        "@material/base": "0.39.0",
        "@material/checkbox": "0.40.0",
        "@material/elevation": "0.40.0",
        "@material/ripple": "0.40.0",
        "@material/shape": "0.40.0",
        "@material/theme": "0.40.0",
        "@material/typography": "0.39.0"
      }
    },
    "@material/dialog": {
      "version": "0.40.0",
      "resolved": "https://registry.npmjs.org/@material/dialog/-/dialog-0.40.0.tgz",
      "integrity": "sha512-dJJzOJRlOpWavf6Wk/uWiCUEjE3HoQz7/U/5pCACWevNSqloBtqgmEB3zXJ3rJwMoWFB/66gU3gKoDPbY0hFRA==",
      "dev": true,
      "requires": {
        "@material/animation": "0.39.0",
        "@material/base": "0.39.0",
        "@material/dom": "0.40.0",
        "@material/elevation": "0.40.0",
        "@material/ripple": "0.40.0",
        "@material/rtl": "0.39.1",
        "@material/shape": "0.40.0",
        "@material/theme": "0.40.0",
        "@material/typography": "0.39.0",
        "focus-trap": "2.4.6"
      }
    },
    "@material/dom": {
      "version": "0.40.0",
      "resolved": "https://registry.npmjs.org/@material/dom/-/dom-0.40.0.tgz",
      "integrity": "sha512-dNekw081gH1Wh62h8VsOdP87iKkrbM2rFR28bTfolIv6ThRBUGlDe5w8grkrrXLnjoqO/fnQMP1Wdo8C7lcfvQ==",
      "dev": true
    },
    "@material/drawer": {
      "version": "0.40.0",
      "resolved": "https://registry.npmjs.org/@material/drawer/-/drawer-0.40.0.tgz",
      "integrity": "sha512-KY/mDWkCMwB/5g8qqcBhGR72yT4/u8eJ4BY+/LtiFG47SrL7SZHwhqBgjfGgdRckwX8D8WF/6BQqeZQlbTmIjw==",
      "dev": true,
      "requires": {
        "@material/animation": "0.39.0",
        "@material/base": "0.39.0",
        "@material/elevation": "0.40.0",
        "@material/list": "0.40.0",
        "@material/ripple": "0.40.0",
        "@material/rtl": "0.39.1",
        "@material/shape": "0.40.0",
        "@material/theme": "0.40.0",
        "@material/typography": "0.39.0",
        "focus-trap": "3.0.0"
      },
      "dependencies": {
        "focus-trap": {
          "version": "3.0.0",
          "resolved": "https://registry.npmjs.org/focus-trap/-/focus-trap-3.0.0.tgz",
          "integrity": "sha512-jTFblf0tLWbleGjj2JZsAKbgtZTdL1uC48L8FcmSDl4c2vDoU4NycN1kgV5vJhuq1mxNFkw7uWZ1JAGlINWvyw==",
          "dev": true,
          "requires": {
            "tabbable": "3.1.1",
            "xtend": "4.0.1"
          }
        },
        "tabbable": {
          "version": "3.1.1",
          "resolved": "https://registry.npmjs.org/tabbable/-/tabbable-3.1.1.tgz",
          "integrity": "sha512-583MHIOwictf7+zbxqO/L5fBqMN6Li4SJ1XTKQA9WzHRA7c2BB+D+Ny7Y6kGqU2u+rHK59+oRzrBvMU53aZz+A==",
          "dev": true
        }
      }
    },
    "@material/elevation": {
      "version": "0.40.0",
      "resolved": "https://registry.npmjs.org/@material/elevation/-/elevation-0.40.0.tgz",
      "integrity": "sha512-oHh9E1k/IhHJDLwsVli9ZImc+fUXlVpqiYp/C7J/jw2t29ouYAXK4ECkJDbrYIUPU89XsLUrCMSb1HgPBmI+9A==",
      "dev": true,
      "requires": {
        "@material/animation": "0.39.0",
        "@material/theme": "0.40.0"
      }
    },
    "@material/fab": {
      "version": "0.40.0",
      "resolved": "https://registry.npmjs.org/@material/fab/-/fab-0.40.0.tgz",
      "integrity": "sha512-kHCx24IVxuIunUJs3KPUWfmJJj2sxt/CSQME3eiLo/Mx7DjtuvS4WZqqqRPxjInMoRp4VxdSoyr4gS0SHslv4w==",
      "dev": true,
      "requires": {
        "@material/animation": "0.39.0",
        "@material/elevation": "0.40.0",
        "@material/ripple": "0.40.0",
        "@material/rtl": "0.39.1",
        "@material/shape": "0.40.0",
        "@material/theme": "0.40.0",
        "@material/typography": "0.39.0"
      }
    },
    "@material/floating-label": {
      "version": "0.40.0",
      "resolved": "https://registry.npmjs.org/@material/floating-label/-/floating-label-0.40.0.tgz",
      "integrity": "sha512-p+jngOd3r5UOeKkYZrQfFzLvWkWRupRMYQgEoz7EWbhTHEWG5s2vcFVxPPC70HgInvS5O7g5DN7OvK/lZJcs3g==",
      "dev": true,
      "requires": {
        "@material/animation": "0.39.0",
        "@material/base": "0.39.0",
        "@material/rtl": "0.39.1",
        "@material/theme": "0.40.0",
        "@material/typography": "0.39.0"
      }
    },
    "@material/form-field": {
      "version": "0.40.0",
      "resolved": "https://registry.npmjs.org/@material/form-field/-/form-field-0.40.0.tgz",
      "integrity": "sha512-j0SSRaJ+zG3tcN27OGnBcpxyBwnvShS30qObNyXYzqzXT0OCp8RPNzfPMQKtrtpc53cDBJkU3i0xY37tM9laZA==",
      "dev": true,
      "requires": {
        "@material/base": "0.39.0",
        "@material/rtl": "0.39.1",
        "@material/selection-control": "0.40.0",
        "@material/theme": "0.40.0",
        "@material/typography": "0.39.0"
      }
    },
    "@material/grid-list": {
      "version": "0.40.0",
      "resolved": "https://registry.npmjs.org/@material/grid-list/-/grid-list-0.40.0.tgz",
      "integrity": "sha512-ZrBtwgTQMSXP/LZ2Kxhe6AtbvmBXvEuU8bOZ+G/RgWMjZkAweaPg4y9TP39FeYj5Ie3OL0higSWdY2ZpC5kXrw==",
      "dev": true,
      "requires": {
        "@material/base": "0.39.0",
        "@material/rtl": "0.39.1",
        "@material/theme": "0.40.0",
        "@material/typography": "0.39.0"
      }
    },
    "@material/icon-button": {
      "version": "0.40.0",
      "resolved": "https://registry.npmjs.org/@material/icon-button/-/icon-button-0.40.0.tgz",
      "integrity": "sha512-JhdGuikaAKZ4QObQjh8+CCEAqJctjiHreEtjsVmRvXW5dUrR4GKFUst0HE2yQaux7K8Yho30Vry1K0d10bJTuQ==",
      "dev": true,
      "requires": {
        "@material/base": "0.39.0",
        "@material/ripple": "0.40.0",
        "@material/theme": "0.40.0"
      }
    },
    "@material/icon-toggle": {
      "version": "0.40.0",
      "resolved": "https://registry.npmjs.org/@material/icon-toggle/-/icon-toggle-0.40.0.tgz",
      "integrity": "sha512-CAxVvrCSZFp5T1iMr5TAtKoJkq0J5CwVwwcZw6wEYQs2pFncix4fK5wz7DCSG+9sSLzfYPrl7s+qnBwWvfiSTg==",
      "dev": true,
      "requires": {
        "@material/animation": "0.39.0",
        "@material/base": "0.39.0",
        "@material/ripple": "0.40.0",
        "@material/theme": "0.40.0"
      }
    },
    "@material/image-list": {
      "version": "0.40.0",
      "resolved": "https://registry.npmjs.org/@material/image-list/-/image-list-0.40.0.tgz",
      "integrity": "sha512-UihjtyTHcSB3+VMOFiP1joHnkgr48XLhy3QgK216+Dj0pLmbJAsBP7V57xrY3Q1z4kdEMGxIMp1hMXOVQ/j8jA==",
      "dev": true,
      "requires": {
        "@material/shape": "0.40.0",
        "@material/theme": "0.40.0",
        "@material/typography": "0.39.0"
      }
    },
    "@material/layout-grid": {
      "version": "0.39.0",
      "resolved": "https://registry.npmjs.org/@material/layout-grid/-/layout-grid-0.39.0.tgz",
      "integrity": "sha512-F2V7cf7pJtlDyHKJJ1u7Xn6JWfiY7bFbg33QnhRXYTAhDF5aEcFPeSh9CK8ZZZ4Bom9gzfms2VXWXClbfQgE2Q==",
      "dev": true
    },
    "@material/line-ripple": {
      "version": "0.40.0",
      "resolved": "https://registry.npmjs.org/@material/line-ripple/-/line-ripple-0.40.0.tgz",
      "integrity": "sha512-tDeFiKqEhGzDAxLZoljLFBQs2mq2OJnD/Xno2IP/vCE6eoP98Wo0BvzorNUZESjepQGYarUPeZgZeFz9+hnsjQ==",
      "dev": true,
      "requires": {
        "@material/animation": "0.39.0",
        "@material/base": "0.39.0",
        "@material/theme": "0.40.0"
      }
    },
    "@material/linear-progress": {
      "version": "0.40.0",
      "resolved": "https://registry.npmjs.org/@material/linear-progress/-/linear-progress-0.40.0.tgz",
      "integrity": "sha512-tCA2ARIFVj87adv1oz8Ink4vIXpjrXndBKQgpZ3SRweAUyLfzJi17ef/VK3oNje9rad62o6rqLWR1CCv/gEzEw==",
      "dev": true,
      "requires": {
        "@material/animation": "0.39.0",
        "@material/base": "0.39.0",
        "@material/theme": "0.40.0"
      }
    },
    "@material/list": {
      "version": "0.40.0",
      "resolved": "https://registry.npmjs.org/@material/list/-/list-0.40.0.tgz",
      "integrity": "sha512-vMQNixaPEyD5JLYl+TdHqBk3i5+BciN1GjCMdkfdfpNMUyBhjAA1/DMKJ76GC2f75gnaUKP7Oee/CsBKt3Lf9A==",
      "dev": true,
      "requires": {
        "@material/base": "0.39.0",
        "@material/dom": "0.40.0",
        "@material/ripple": "0.40.0",
        "@material/rtl": "0.39.1",
        "@material/shape": "0.40.0",
        "@material/theme": "0.40.0",
        "@material/typography": "0.39.0"
      }
    },
    "@material/menu": {
      "version": "0.40.0",
      "resolved": "https://registry.npmjs.org/@material/menu/-/menu-0.40.0.tgz",
      "integrity": "sha512-ZhgQU0+ajGXsmXkY0gYEgtTz43RR6L36W3CbKjlQjuzKceMl6PQHoiA5gg9sK+sLlqODLcXKUHA5WyYxlPvR5g==",
      "dev": true,
      "requires": {
        "@material/base": "0.39.0",
        "@material/list": "0.40.0",
        "@material/menu-surface": "0.40.0",
        "@material/ripple": "0.40.0",
        "@material/rtl": "0.39.1"
      }
    },
    "@material/menu-surface": {
      "version": "0.40.0",
      "resolved": "https://registry.npmjs.org/@material/menu-surface/-/menu-surface-0.40.0.tgz",
      "integrity": "sha512-YG/Hs4Ne3zvUzbrXTe397V1ijyAzfLGieb1jBsy7lSklDKl0E9ZyxEiQp4EPnoKfAzWJmYzxwlMmQSO+3rEIBg==",
      "dev": true,
      "requires": {
        "@material/animation": "0.39.0",
        "@material/base": "0.39.0",
        "@material/elevation": "0.40.0",
        "@material/rtl": "0.39.1",
        "@material/shape": "0.40.0",
        "@material/theme": "0.40.0"
      }
    },
    "@material/notched-outline": {
      "version": "0.40.0",
      "resolved": "https://registry.npmjs.org/@material/notched-outline/-/notched-outline-0.40.0.tgz",
      "integrity": "sha512-a+18JRtvDWjr353fo5ovoAQTIxkUsCBEzGDY2GR5/TIQOXMajEfGbfrP3UnO4QZpdKX2dwDq5t8ESCNJSje/aA==",
      "dev": true,
      "requires": {
        "@material/animation": "0.39.0",
        "@material/base": "0.39.0",
        "@material/rtl": "0.39.1",
        "@material/shape": "0.40.0",
        "@material/theme": "0.40.0"
      }
    },
    "@material/radio": {
      "version": "0.40.0",
      "resolved": "https://registry.npmjs.org/@material/radio/-/radio-0.40.0.tgz",
      "integrity": "sha512-V5BVNcVnGvEs1yjNQn9OTA2KF4QHoc4FsvIdNH6cED9eTlW8RhpvtOIHJr9MQvHqcPxgHaKEODrMZOlknEX8VQ==",
      "dev": true,
      "requires": {
        "@material/animation": "0.39.0",
        "@material/base": "0.39.0",
        "@material/ripple": "0.40.0",
        "@material/selection-control": "0.40.0",
        "@material/theme": "0.40.0"
      }
    },
    "@material/ripple": {
      "version": "0.40.0",
      "resolved": "https://registry.npmjs.org/@material/ripple/-/ripple-0.40.0.tgz",
      "integrity": "sha512-eFLIJm7nk389EWysBtucRuGulGiwRlAREDN4J2wzUwdkz64btgpC5/RADyiEpuXkej8omfosodh3FXMsiEKInQ==",
      "dev": true,
      "requires": {
        "@material/animation": "0.39.0",
        "@material/base": "0.39.0",
        "@material/theme": "0.40.0"
      }
    },
    "@material/rtl": {
      "version": "0.39.1",
      "resolved": "https://registry.npmjs.org/@material/rtl/-/rtl-0.39.1.tgz",
      "integrity": "sha512-6RcXv6tQladbl+SboEHUykiDAz7dE5DjBuLNV0KD7yEUCcUV41WXZ5e4oUd1nDWnK0vHzFtNM7D6BGMPZ2T3zA==",
      "dev": true
    },
    "@material/select": {
      "version": "0.40.0",
      "resolved": "https://registry.npmjs.org/@material/select/-/select-0.40.0.tgz",
      "integrity": "sha512-nZfJeFhrkqBcwL1vhyek7ipgNZuT8B0Kp7+N5vAxENMlIXWSKAhWevIwIEjYMFqAqxF/AfdvYP4OXVBAnp5rfQ==",
      "dev": true,
      "requires": {
        "@material/animation": "0.39.0",
        "@material/base": "0.39.0",
        "@material/floating-label": "0.40.0",
        "@material/line-ripple": "0.40.0",
        "@material/notched-outline": "0.40.0",
        "@material/ripple": "0.40.0",
        "@material/rtl": "0.39.1",
        "@material/shape": "0.40.0",
        "@material/theme": "0.40.0",
        "@material/typography": "0.39.0"
      }
    },
    "@material/selection-control": {
      "version": "0.40.0",
      "resolved": "https://registry.npmjs.org/@material/selection-control/-/selection-control-0.40.0.tgz",
      "integrity": "sha512-VgboBeAK//+PbSwBbBD38s/03binWpZNvjPnwkcy6nT3In15q4GC8FFrQyCOHYLgi6ksaaVV4ILyYwqJbGqrHA==",
      "dev": true,
      "requires": {
        "@material/ripple": "0.40.0"
      }
    },
    "@material/shape": {
      "version": "0.40.0",
      "resolved": "https://registry.npmjs.org/@material/shape/-/shape-0.40.0.tgz",
      "integrity": "sha512-UsCnvCPln2//uI0YF/sqCtOWLgA5mzCl68+f/f283K4k21imGrHDAi093xDyy1LAUWyC1IVR+/RYVKXbHLtBlA==",
      "dev": true
    },
    "@material/slider": {
      "version": "0.40.0",
      "resolved": "https://registry.npmjs.org/@material/slider/-/slider-0.40.0.tgz",
      "integrity": "sha512-VDneb9reLPM5gtBGsjVYVxNfS1aqOPmmndo4dHflCUJevGncELZ4rxItZLypP1xY5NN/oPrfpJo7GGLzrcIwNQ==",
      "dev": true,
      "requires": {
        "@material/animation": "0.39.0",
        "@material/base": "0.39.0",
        "@material/rtl": "0.39.1",
        "@material/theme": "0.40.0",
        "@material/typography": "0.39.0"
      }
    },
    "@material/snackbar": {
      "version": "0.40.0",
      "resolved": "https://registry.npmjs.org/@material/snackbar/-/snackbar-0.40.0.tgz",
      "integrity": "sha512-sop2M0Zfm7oqU5Vn18UzK83ZUPiihSm2+O+TKWKE9Vkd6fcOHkJ0whDWfSkkKLClUjoOuC1Z4vstk6qGVkkYfw==",
      "dev": true,
      "requires": {
        "@material/animation": "0.39.0",
        "@material/base": "0.39.0",
        "@material/rtl": "0.39.1",
        "@material/theme": "0.40.0",
        "@material/typography": "0.39.0"
      }
    },
    "@material/switch": {
      "version": "0.40.0",
      "resolved": "https://registry.npmjs.org/@material/switch/-/switch-0.40.0.tgz",
      "integrity": "sha512-ItZ63lKw5y+1sGFJJuDt0EgHb/alUqDF7B65DL59CK/9B0tfrTKPITMG9Db3ruWrC9CeeMa8vr5TCynd05h1Ow==",
      "dev": true,
      "requires": {
        "@material/animation": "0.39.0",
        "@material/base": "0.39.0",
        "@material/elevation": "0.40.0",
        "@material/ripple": "0.40.0",
        "@material/rtl": "0.39.1",
        "@material/selection-control": "0.40.0",
        "@material/theme": "0.40.0"
      }
    },
    "@material/tab": {
      "version": "0.40.0",
      "resolved": "https://registry.npmjs.org/@material/tab/-/tab-0.40.0.tgz",
      "integrity": "sha512-PxAoLYX2CB/8f0Il3nG7gI2KG4POa8XGsgWEFedOO7eqqgrFCfHa0Wgnizjp4cYRmTso+Eve4Zr3cDft78pgaw==",
      "dev": true,
      "requires": {
        "@material/base": "0.39.0",
        "@material/ripple": "0.40.0",
        "@material/rtl": "0.39.1",
        "@material/tab-indicator": "0.40.0",
        "@material/theme": "0.40.0",
        "@material/typography": "0.39.0"
      }
    },
    "@material/tab-bar": {
      "version": "0.40.0",
      "resolved": "https://registry.npmjs.org/@material/tab-bar/-/tab-bar-0.40.0.tgz",
      "integrity": "sha512-Bl5/tWJ5sf2DB/r/BtULs+6usObl1EGxkQwjhL/VTMIt9+5+SG3QtyV31hCFzHRs1YDkud9KE7I0qFCthPA0YA==",
      "dev": true,
      "requires": {
        "@material/base": "0.39.0",
        "@material/elevation": "0.40.0",
        "@material/tab": "0.40.0",
        "@material/tab-scroller": "0.40.0"
      }
    },
    "@material/tab-indicator": {
      "version": "0.40.0",
      "resolved": "https://registry.npmjs.org/@material/tab-indicator/-/tab-indicator-0.40.0.tgz",
      "integrity": "sha512-s3Z2mB7HLXWSBYo9P22RJKU+aQknVnY+U2jeZtz+9UzJ7wAtda15vRQlR+91V+0WZQTC7pEeMY1ETh8PzEeP3Q==",
      "dev": true,
      "requires": {
        "@material/animation": "0.39.0",
        "@material/base": "0.39.0",
        "@material/theme": "0.40.0"
      }
    },
    "@material/tab-scroller": {
      "version": "0.40.0",
      "resolved": "https://registry.npmjs.org/@material/tab-scroller/-/tab-scroller-0.40.0.tgz",
      "integrity": "sha512-rZvr5LreQIItZSPxkANY3+MQKJ85te4VUS5lnsBbTQRtNk7+u3dDYxosROjQQZZ6D9f1xKdW8iRGsJq/bDai2A==",
      "dev": true,
      "requires": {
        "@material/animation": "0.39.0",
        "@material/base": "0.39.0",
        "@material/tab": "0.40.0"
      }
    },
    "@material/textfield": {
      "version": "0.40.0",
      "resolved": "https://registry.npmjs.org/@material/textfield/-/textfield-0.40.0.tgz",
      "integrity": "sha512-x8Rw4g2jAyCBoaVkXGxGmkfiTG/r5jkZgnNQYsBfLUlQWId+fHvB3eN3mbfUpKREwPOS8tWHa0LIZjFgdKYJHw==",
      "dev": true,
      "requires": {
        "@material/animation": "0.39.0",
        "@material/base": "0.39.0",
        "@material/floating-label": "0.40.0",
        "@material/line-ripple": "0.40.0",
        "@material/notched-outline": "0.40.0",
        "@material/ripple": "0.40.0",
        "@material/rtl": "0.39.1",
        "@material/shape": "0.40.0",
        "@material/theme": "0.40.0",
        "@material/typography": "0.39.0"
      }
    },
    "@material/theme": {
      "version": "0.40.0",
      "resolved": "https://registry.npmjs.org/@material/theme/-/theme-0.40.0.tgz",
      "integrity": "sha512-t4Xn15IaM7bAg8EWDkuzfx8xafMXjcMn+cnriPRtZOQ9X8R2gPSIuIQ36EwqFWpGTGMftXJkOEM/KmMLf3rKnQ==",
      "dev": true
    },
    "@material/toolbar": {
      "version": "0.40.0",
      "resolved": "https://registry.npmjs.org/@material/toolbar/-/toolbar-0.40.0.tgz",
      "integrity": "sha512-XcCaFprch8r/2U9EkP5MePMBUaSaLdTrQyLmODxs2LQWaXWvfYao21nlIDbsnM3MOLkJswh3C4zdN1VTqrmjZA==",
      "dev": true,
      "requires": {
        "@material/base": "0.39.0",
        "@material/elevation": "0.40.0",
        "@material/ripple": "0.40.0",
        "@material/rtl": "0.39.1",
        "@material/theme": "0.40.0",
        "@material/typography": "0.39.0"
      }
    },
    "@material/top-app-bar": {
      "version": "0.40.0",
      "resolved": "https://registry.npmjs.org/@material/top-app-bar/-/top-app-bar-0.40.0.tgz",
      "integrity": "sha512-fzTN2hO47SuT1XwQBnGIEtR6SgPSqOW6HSFALoTaLdf3CqIEFK0PE1nOs1wipH/zkBNLV4V9sPrHtUPvaqqQAg==",
      "dev": true,
      "requires": {
        "@material/animation": "0.39.0",
        "@material/base": "0.39.0",
        "@material/elevation": "0.40.0",
        "@material/ripple": "0.40.0",
        "@material/rtl": "0.39.1",
        "@material/shape": "0.40.0",
        "@material/theme": "0.40.0",
        "@material/typography": "0.39.0"
      }
    },
    "@material/typography": {
      "version": "0.39.0",
      "resolved": "https://registry.npmjs.org/@material/typography/-/typography-0.39.0.tgz",
      "integrity": "sha512-S7YTR2mXuAaPvsgX6jyT1YvWQhH2xHWi+SKJvlunoF/Dw6vq6Ud+APmqigHVRPNCcFt4zkbM7C64IxYjjkIApQ==",
      "dev": true
    },
    "focus-trap": {
      "version": "2.4.6",
      "resolved": "https://registry.npmjs.org/focus-trap/-/focus-trap-2.4.6.tgz",
      "integrity": "sha512-vWZTPtBU6pBoyWZDRZJHkXsyP2ZCZBHE3DRVXnSVdQKH/mcDtu9S5Kz8CUDyIqpfZfLEyI9rjKJLnc4Y40BRBg==",
      "dev": true,
      "requires": {
        "tabbable": "1.1.3"
      }
    },
    "material-components-web": {
      "version": "0.40.0",
      "resolved": "https://registry.npmjs.org/material-components-web/-/material-components-web-0.40.0.tgz",
      "integrity": "sha512-G6H7xBF59sb5w8ZeqhE1qOTTpsJ6qqSB3keQAmOSOq8rOvztqicEQTq9/YfXKyOxAmN5j9IcugXYSHQq1KG+/A==",
      "dev": true,
      "requires": {
        "@material/animation": "0.39.0",
        "@material/auto-init": "0.39.0",
        "@material/base": "0.39.0",
        "@material/button": "0.40.0",
        "@material/card": "0.40.0",
        "@material/checkbox": "0.40.0",
        "@material/chips": "0.40.0",
        "@material/dialog": "0.40.0",
        "@material/dom": "0.40.0",
        "@material/drawer": "0.40.0",
        "@material/elevation": "0.40.0",
        "@material/fab": "0.40.0",
        "@material/floating-label": "0.40.0",
        "@material/form-field": "0.40.0",
        "@material/grid-list": "0.40.0",
        "@material/icon-button": "0.40.0",
        "@material/icon-toggle": "0.40.0",
        "@material/image-list": "0.40.0",
        "@material/layout-grid": "0.39.0",
        "@material/line-ripple": "0.40.0",
        "@material/linear-progress": "0.40.0",
        "@material/list": "0.40.0",
        "@material/menu": "0.40.0",
        "@material/menu-surface": "0.40.0",
        "@material/notched-outline": "0.40.0",
        "@material/radio": "0.40.0",
        "@material/ripple": "0.40.0",
        "@material/rtl": "0.39.1",
        "@material/select": "0.40.0",
        "@material/selection-control": "0.40.0",
        "@material/shape": "0.40.0",
        "@material/slider": "0.40.0",
        "@material/snackbar": "0.40.0",
        "@material/switch": "0.40.0",
        "@material/tab": "0.40.0",
        "@material/tab-bar": "0.40.0",
        "@material/tab-indicator": "0.40.0",
        "@material/tab-scroller": "0.40.0",
        "@material/textfield": "0.40.0",
        "@material/theme": "0.40.0",
        "@material/toolbar": "0.40.0",
        "@material/top-app-bar": "0.40.0",
        "@material/typography": "0.39.0"
      }
    },
    "tabbable": {
      "version": "1.1.3",
      "resolved": "https://registry.npmjs.org/tabbable/-/tabbable-1.1.3.tgz",
      "integrity": "sha512-nOWwx35/JuDI4ONuF0ZTo6lYvI0fY0tZCH1ErzY2EXfu4az50ZyiUX8X073FLiZtmWUVlkRnuXsehjJgCw9tYg==",
      "dev": true
    },
    "xtend": {
      "version": "4.0.1",
      "resolved": "https://registry.npmjs.org/xtend/-/xtend-4.0.1.tgz",
      "integrity": "sha1-pcbVMr5lbiPbgg77lDofBJmNY68=",
      "dev": true
    }
  }
}
